<?xml version="1.0" encoding="UTF-8" standalone="yes" ?>
<CodeBlocks_project_file>
	<FileVersion major="1" minor="6" />
	<Project>
		<Option title="Epsilon Engine" />
		<Option pch_mode="2" />
		<Option compiler="gcc" />
		<Build>
			<Target title="Debug">
				<Option platforms="Windows;" />
				<Option output="bin/Debug/Epsilon Engine" prefix_auto="1" extension_auto="1" />
				<Option working_dir="bin/Debug" />
				<Option object_output="obj/Debug/" />
				<Option type="0" />
				<Option compiler="gcc" />
				<Option parameters="-static" />
				<Compiler>
					<Add option="-g" />
					<Add directory="deppend/glew/include" />
					<Add directory="deppend/glfw/include" />
					<Add directory="deppend/glm" />
					<Add directory="deppend/assimp/include" />
					<Add directory="include" />
					<Add directory="deppend/SOIL/src" />
					<Add directory="deppend/FreeType2/include" />
					<Add directory="deppend/ini/include" />
					<Add directory="deppend/bullet3-2.83.7/src" />
					<Add directory="deppend/openal-soft-1.17.2-bin/include" />
				</Compiler>
				<Linker>
					<Add option="-static -static-libgcc -static-libstdc++" />
					<Add library="SOIL" />
					<Add library="opengl32" />
					<Add library="deppend/glfw/lib/glfw3dll.a" />
					<Add library="deppend/assimp/lib/assimp_release-dll_win32/assimp.lib" />
					<Add library="freetype240" />
					<Add library="inih" />
					<Add library="glew32.dll" />
					<Add library="mingw32" />
					<Add library="deppend/bullet3-2.83.7/lib/libBulletCollision.a" />
					<Add library="deppend/bullet3-2.83.7/lib/libBulletDynamics.a" />
					<Add library="deppend/bullet3-2.83.7/lib/libLinearMath.a" />
					<Add directory="deppend/glew/lib" />
					<Add directory="deppend/glfw/lib" />
					<Add directory="deppend/SOIL/lib" />
					<Add directory="deppend/FreeType2/lib" />
					<Add directory="deppend/ini/lib" />
				</Linker>
			</Target>
			<Target title="Release">
				<Option platforms="Windows;" />
				<Option output="bin/Release/Epsilon Engine" prefix_auto="1" extension_auto="1" />
				<Option working_dir="bin/Release" />
				<Option object_output="obj/Release/" />
				<Option type="1" />
				<Option compiler="gcc" />
				<Compiler>
					<Add option="-march=core2" />
					<Add option="-O3" />
					<Add option="-std=c++11" />
					<Add option="-fopenmp" />
					<Add option="-std=c++14" />
					<Add directory="deppend/glew-2.0.0/include" />
					<Add directory="deppend/glfw-3.2.bin.WIN32/include" />
					<Add directory="deppend/glm" />
					<Add directory="deppend" />
					<Add directory="deppend/SOIL/src" />
					<Add directory="deppend/FreeType2/include" />
					<Add directory="deppend/ini/include" />
					<Add directory="core/include" />
					<Add directory="deppend/bullet-2.82-r2704/src" />
					<Add directory="deppend/openal-soft-master/openal-soft-master/include" />
					<Add directory="deppend/stb-master" />
				</Compiler>
				<Linker>
					<Add option="deppend\SOIL\lib\libSOIL.a" />
					<Add option="deppend\glfw-3.2.bin.WIN32\lib-mingw\libglfw3.a" />
					<Add option="-lopengl32" />
					<Add option="deppend\FreeType2\lib\libfreetype240.a" />
					<Add option="deppend\ini\lib\libinih.a" />
					<Add option="deppend\glew-2.0.0\lib\libglew32.dll.a" />
					<Add option="-lgdi32" />
					<Add option="deppend\openal-soft-master\openal-soft-master\build\libOpenAL32.dll.a" />
					<Add option="-fopenmp" />
					<Add option="-lgomp" />
					<Add library="deppend/bullet-2.82-r2704/lib/libBulletSoftBody.a" />
					<Add library="deppend/bullet-2.82-r2704/lib/libBulletDynamics.a" />
					<Add library="deppend/bullet-2.82-r2704/lib/libBulletCollision.a" />
					<Add library="deppend/bullet-2.82-r2704/lib/libLinearMath.a" />
					<Add directory="deppend/glew-2.0.0/lib" />
					<Add directory="deppend/SOIL/lib" />
					<Add directory="deppend/FreeType2/lib" />
					<Add directory="deppend/ini/lib" />
					<Add directory="deppend/openal-soft-1.17.2-bin/libs/Win32" />
					<Add directory="C:/Program Files (x86)/CodeBlocks/MinGW/lib/gcc/mingw32/4.9.2" />
				</Linker>
			</Target>
		</Build>
		<Compiler>
			<Add option="-Wall" />
			<Add option="-fexceptions" />
		</Compiler>
		<Unit filename="core/include/Audio/Audio.h" />
		<Unit filename="core/include/Audio/AudioElement.h" />
		<Unit filename="core/include/Audio/AudioListener.h" />
		<Unit filename="core/include/Audio/Loaders/WAVFile.h" />
		<Unit filename="core/include/BSP.h" />
		<Unit filename="core/include/BSPFace.h" />
		<Unit filename="core/include/BSPfile.h" />
		<Unit filename="core/include/BSPformat.h" />
		<Unit filename="core/include/CBitset.h" />
		<Unit filename="core/include/CommandFunctions.h" />
		<Unit filename="core/include/Component.h" />
		<Unit filename="core/include/ConvexHull.hpp" />
		<Unit filename="core/include/CubeMap.h" />
		<Unit filename="core/include/DDS.h" />
		<Unit filename="core/include/DDSFile.h" />
		<Unit filename="core/include/EntityTemplate.h" />
		<Unit filename="core/include/Epsilon.h" />
		<Unit filename="core/include/EpsilonMemory.h" />
		<Unit filename="core/include/Frustum.h" />
		<Unit filename="core/include/GUI/Button.h" />
		<Unit filename="core/include/GUI/CheckBox.h" />
		<Unit filename="core/include/GUI/Console.h" />
		<Unit filename="core/include/GUI/Container.h" />
		<Unit filename="core/include/GUI/GUI.h" />
		<Unit filename="core/include/GUI/Label.h" />
		<Unit filename="core/include/GUI/Panel.h" />
		<Unit filename="core/include/GUI/Widget.h" />
		<Unit filename="core/include/GUI_Initialization.h" />
		<Unit filename="core/include/Grass.h" />
		<Unit filename="core/include/Image/BMP.hpp" />
		<Unit filename="core/include/Image/DDS.h" />
		<Unit filename="core/include/Image/DDSFile.h" />
		<Unit filename="core/include/Image/Image.hpp" />
		<Unit filename="core/include/Image/TGA.hpp" />
		<Unit filename="core/include/Includes.h" />
		<Unit filename="core/include/Light.h" />
		<Unit filename="core/include/LightProbe.h" />
		<Unit filename="core/include/Log.h" />
		<Unit filename="core/include/MD5_Anim.h" />
		<Unit filename="core/include/MD5_Model.h" />
		<Unit filename="core/include/Mesh.h" />
		<Unit filename="core/include/Model.h" />
		<Unit filename="core/include/OpenGL/FrameBuffer.h" />
		<Unit filename="core/include/OpenGL/GlCache.h" />
		<Unit filename="core/include/OpenGL/HelperFunctions/CheckError.h" />
		<Unit filename="core/include/OpenGL/HelperFunctions/FullScreenQuad.h" />
		<Unit filename="core/include/OpenGL/HelperFunctions/Quad.h" />
		<Unit filename="core/include/OpenGL/RenderTarget.h" />
		<Unit filename="core/include/OpenGL/Renderers/DeferredRenderer.h" />
		<Unit filename="core/include/OpenGL/Renderers/renderer.h" />
		<Unit filename="core/include/OpenGL/ShaderPreProcessor.h" />
		<Unit filename="core/include/OpenGL/ShaderStorageBuffer.h" />
		<Unit filename="core/include/OpenGL/VertexArrayObject.h" />
		<Unit filename="core/include/OpenGL/VertexBufferObject.h" />
		<Unit filename="core/include/Particle.h" />
		<Unit filename="core/include/ParticleProxy.h" />
		<Unit filename="core/include/ParticleRenderer.h" />
		<Unit filename="core/include/ParticleSystem.h" />
		<Unit filename="core/include/Patch.h" />
		<Unit filename="core/include/Physics/ClothPhysicObject.h" />
		<Unit filename="core/include/Physics/CollisionInfo.h" />
		<Unit filename="core/include/Physics/CubePhysicObject.h" />
		<Unit filename="core/include/Physics/PhysicObject.h" />
		<Unit filename="core/include/Physics/Physics.h" />
		<Unit filename="core/include/Physics/PlayerControlledPhysicsObject.h" />
		<Unit filename="core/include/Physics/SpherePhysicObject.h" />
		<Unit filename="core/include/Physics/TriangleMeshPhysicObject.h" />
		<Unit filename="core/include/Picking.h" />
		<Unit filename="core/include/Player.h" />
		<Unit filename="core/include/PointShadow.hpp" />
		<Unit filename="core/include/PostProcess.h" />
		<Unit filename="core/include/PostProcess/Effect.h" />
		<Unit filename="core/include/PostProcess/MotionBlur.h" />
		<Unit filename="core/include/PostProcess/SSAO.h" />
		<Unit filename="core/include/PostProcess/ScreenSpaceReflections.h" />
		<Unit filename="core/include/ProgramData.h" />
		<Unit filename="core/include/ResourceManager.h" />
		<Unit filename="core/include/Scene.h" />
		<Unit filename="core/include/Shader.h" />
		<Unit filename="core/include/ShadowMapping.h" />
		<Unit filename="core/include/Skybox.h" />
		<Unit filename="core/include/SkyboxData.h" />
		<Unit filename="core/include/SphericalHarmonics.h" />
		<Unit filename="core/include/SplashScreen.h" />
		<Unit filename="core/include/Sun.h" />
		<Unit filename="core/include/Terrain.h" />
		<Unit filename="core/include/Text.h" />
		<Unit filename="core/include/Texture.h" />
		<Unit filename="core/include/Types.h" />
		<Unit filename="core/include/Water.h" />
		<Unit filename="core/include/camera.h" />
		<Unit filename="core/include/cubemapRenderer.h" />
		<Unit filename="core/include/emlFormat.h" />
		<Unit filename="core/include/empFormat.h" />
		<Unit filename="core/include/main.h" />
		<Unit filename="core/include/multithread/Job.h" />
		<Unit filename="core/include/multithread/Lambda.hpp" />
		<Unit filename="core/include/multithread/Mutex.h" />
		<Unit filename="core/include/multithread/Promise.hpp" />
		<Unit filename="core/include/multithread/Thread.h" />
		<Unit filename="core/include/multithread/ThreadPool.hpp" />
		<Unit filename="core/include/renderer/DeferredRenderer.h" />
		<Unit filename="core/include/renderer/Renderer.h" />
		<Unit filename="core/include/sys/CPUID.h" />
		<Unit filename="core/include/sys/Console.hpp" />
		<Unit filename="core/include/sys/GPU.hpp" />
		<Unit filename="core/include/sys/Joystick.h" />
		<Unit filename="core/include/sys/JoystickWrapper.h" />
		<Unit filename="core/include/sys/KeyBoard.h" />
		<Unit filename="core/include/sys/KeyboardWrapper.h" />
		<Unit filename="core/include/sys/Mouse.h" />
		<Unit filename="core/include/sys/filesystem.h" />
		<Unit filename="core/src/Audio/Audio.cpp" />
		<Unit filename="core/src/BSP.cpp" />
		<Unit filename="core/src/BSPFace.cpp" />
		<Unit filename="core/src/Camera.cpp" />
		<Unit filename="core/src/DDS.cpp" />
		<Unit filename="core/src/EntityTemplate.cpp" />
		<Unit filename="core/src/Epsilon.cpp" />
		<Unit filename="core/src/Frustum.cpp" />
		<Unit filename="core/src/Image/DDS.cpp" />
		<Unit filename="core/src/MD5_Anim.cpp" />
		<Unit filename="core/src/MD5_Model.cpp" />
		<Unit filename="core/src/Mesh.cpp" />
		<Unit filename="core/src/Model.cpp" />
		<Unit filename="core/src/Particle.cpp" />
		<Unit filename="core/src/Patch.cpp" />
		<Unit filename="core/src/Physics/ClothPhysicObject.cpp" />
		<Unit filename="core/src/Physics/CubePhysicObject.cpp" />
		<Unit filename="core/src/Physics/Physics.cpp" />
		<Unit filename="core/src/Physics/SpherePhysicObject.cpp" />
		<Unit filename="core/src/Physics/TriangleMeshPhysicObject.cpp" />
		<Unit filename="core/src/Picking.cpp" />
		<Unit filename="core/src/Player.cpp" />
		<Unit filename="core/src/PostProcess.cpp" />
		<Unit filename="core/src/PostProcess/MotionBlur.cpp" />
		<Unit filename="core/src/PostProcess/SSAO.cpp" />
		<Unit filename="core/src/PostProcess/ScreenSpaceReflections.cpp" />
		<Unit filename="core/src/ProgramData.cpp" />
		<Unit filename="core/src/ResourceManager.cpp" />
		<Unit filename="core/src/Scene.cpp" />
		<Unit filename="core/src/Shader.cpp" />
		<Unit filename="core/src/ShadowMapping.cpp" />
		<Unit filename="core/src/Skybox.cpp" />
		<Unit filename="core/src/SphericalHarmonics.cpp" />
		<Unit filename="core/src/Sun.cpp" />
		<Unit filename="core/src/Terrain.cpp" />
		<Unit filename="core/src/Water.cpp" />
		<Unit filename="core/src/cubemapRenderer.cpp" />
		<Unit filename="core/src/main.cpp" />
		<Unit filename="core/src/resources.rc">
			<Option compilerVar="WINDRES" />
		</Unit>
		<Unit filename="core/src/sys/KeyBoard.cpp" />
		<Unit filename="core/src/sys/filesystem.cpp" />
		<Unit filename="version.h" />
		<Extensions>
			<code_completion />
			<envvars />
			<debugger />
			<lib_finder disable_auto="1" />
			<AutoVersioning>
				<Scheme minor_max="10" build_max="0" rev_max="0" rev_rand_max="10" build_times_to_increment_minor="100" />
				<Settings autoincrement="1" date_declarations="1" use_define="0" update_manifest="1" do_auto_increment="1" ask_to_increment="0" language="C++" svn="0" svn_directory="D:\Epsilon Engine" header_path="version.h" />
				<Changes_Log show_changes_editor="0" app_title="released version %M.%m.%b of %p" changeslog_path="ChangesLog.txt" />
				<Code header_guard="VERSION_H" namespace="AutoVersion" prefix="" />
			</AutoVersioning>
			<DoxyBlocks>
				<comment_style block="0" line="0" />
				<doxyfile_project />
				<doxyfile_build />
				<doxyfile_warnings />
				<doxyfile_output />
				<doxyfile_dot />
				<general />
			</DoxyBlocks>
		</Extensions>
	</Project>
</CodeBlocks_project_file>
