<?xml version="1.0" encoding="UTF-8" standalone="yes" ?>
<CodeBlocks_project_file>
	<FileVersion major="1" minor="6" />
	<Project>
		<Option title="Epsilon Engine" />
		<Option pch_mode="2" />
		<Option compiler="gcc" />
		<Build>
			<Target title="Debug">
				<Option platforms="Windows;" />
				<Option output="bin/Debug/Epsilon Engine" prefix_auto="1" extension_auto="1" />
				<Option working_dir="bin/Debug" />
				<Option object_output="obj/Debug/" />
				<Option type="1" />
				<Option compiler="gcc" />
				<Option parameters="-static" />
				<Compiler>
					<Add option="-g" />
					<Add directory="deppend/glew/include" />
					<Add directory="deppend/glfw/include" />
					<Add directory="deppend/glm" />
					<Add directory="deppend/assimp/include" />
					<Add directory="include" />
					<Add directory="deppend/SOIL/src" />
					<Add directory="deppend/FreeType2/include" />
					<Add directory="deppend/ini/include" />
					<Add directory="deppend/bullet3-2.83.7/src" />
					<Add directory="deppend/openal-soft-1.17.2-bin/include" />
				</Compiler>
				<Linker>
					<Add option="-static -static-libgcc -static-libstdc++" />
					<Add library="SOIL" />
					<Add library="opengl32" />
					<Add library="deppend/glfw/lib/glfw3dll.a" />
					<Add library="deppend/assimp/lib/assimp_release-dll_win32/assimp.lib" />
					<Add library="freetype240" />
					<Add library="inih" />
					<Add library="glew32.dll" />
					<Add library="mingw32" />
					<Add library="deppend/bullet3-2.83.7/lib/libBulletCollision.a" />
					<Add library="deppend/bullet3-2.83.7/lib/libBulletDynamics.a" />
					<Add library="deppend/bullet3-2.83.7/lib/libLinearMath.a" />
					<Add directory="deppend/glew/lib" />
					<Add directory="deppend/glfw/lib" />
					<Add directory="deppend/SOIL/lib" />
					<Add directory="deppend/FreeType2/lib" />
					<Add directory="deppend/ini/lib" />
				</Linker>
			</Target>
			<Target title="Release">
				<Option platforms="Windows;" />
				<Option output="bin/Release/Epsilon Engine" prefix_auto="1" extension_auto="1" />
				<Option working_dir="bin/Release" />
				<Option object_output="obj/Release/" />
				<Option type="1" />
				<Option compiler="gcc" />
				<Compiler>
					<Add option="-march=core2" />
					<Add option="-O3" />
					<Add option="-std=c++11" />
					<Add directory="deppend/glew-2.0.0/include" />
					<Add directory="deppend/glfw-3.2.bin.WIN32/include" />
					<Add directory="deppend/glm" />
					<Add directory="deppend" />
					<Add directory="deppend/SOIL/src" />
					<Add directory="deppend/FreeType2/include" />
					<Add directory="deppend/ini/include" />
					<Add directory="include" />
					<Add directory="deppend/bullet-2.82-r2704/src" />
					<Add directory="deppend/openal-soft-1.17.2-bin/include" />
					<Add directory="deppend/stb-master" />
				</Compiler>
				<Linker>
					<Add option="deppend\SOIL\lib\libSOIL.a" />
					<Add option="deppend\glfw-3.2.bin.WIN32\lib-mingw\libglfw3.a" />
					<Add option="-lopengl32" />
					<Add option="deppend\FreeType2\lib\libfreetype240.a" />
					<Add option="deppend\ini\lib\libinih.a" />
					<Add option="deppend\glew-2.0.0\lib\libglew32.dll.a" />
					<Add option="-lgdi32" />
					<Add option="deppend\openal-soft-1.17.2-bin\libs\Win32\libOpenAL32.dll.a" />
					<Add option="-fopenmp" />
					<Add library="deppend/bullet-2.82-r2704/lib/libBulletDynamics.a" />
					<Add library="deppend/bullet-2.82-r2704/lib/libBulletCollision.a" />
					<Add library="deppend/bullet-2.82-r2704/lib/libBulletSoftBody.a" />
					<Add library="deppend/bullet-2.82-r2704/lib/libLinearMath.a" />
					<Add library="C:/Program Files (x86)/CodeBlocks/MinGW/bin/libgomp.a" />
					<Add directory="deppend/glew-2.0.0/lib" />
					<Add directory="deppend/SOIL/lib" />
					<Add directory="deppend/FreeType2/lib" />
					<Add directory="deppend/ini/lib" />
					<Add directory="deppend/openal-soft-1.17.2-bin/libs/Win32" />
					<Add directory="C:/Program Files (x86)/CodeBlocks/MinGW/lib/gcc/mingw32/4.9.2" />
				</Linker>
			</Target>
		</Build>
		<Compiler>
			<Add option="-Wall" />
			<Add option="-fexceptions" />
		</Compiler>
		<Unit filename="include/Audio.h" />
		<Unit filename="include/AudioElement.h" />
		<Unit filename="include/AudioListener.h" />
		<Unit filename="include/BSP.h" />
		<Unit filename="include/BSPFace.h" />
		<Unit filename="include/BSPfile.h" />
		<Unit filename="include/BSPformat.h" />
		<Unit filename="include/CBitset.h" />
		<Unit filename="include/Component.h" />
		<Unit filename="include/CubeMap.h" />
		<Unit filename="include/DDS.h" />
		<Unit filename="include/DDSFile.h" />
		<Unit filename="include/EntityTemplate.h" />
		<Unit filename="include/Epsilon.h" />
		<Unit filename="include/EpsilonMemory.h" />
		<Unit filename="include/Frustum.h" />
		<Unit filename="include/GUI/Button.h" />
		<Unit filename="include/GUI/Container.h" />
		<Unit filename="include/GUI/GUI.h" />
		<Unit filename="include/GUI/Panel.h" />
		<Unit filename="include/GUI/Widget.h" />
		<Unit filename="include/Grass.h" />
		<Unit filename="include/Includes.h" />
		<Unit filename="include/Light.h" />
		<Unit filename="include/LightProbe.h" />
		<Unit filename="include/Log.h" />
		<Unit filename="include/MD5_Anim.h" />
		<Unit filename="include/MD5_Model.h" />
		<Unit filename="include/Mesh.h" />
		<Unit filename="include/Model.h" />
		<Unit filename="include/OpenGL/FrameBuffer.h" />
		<Unit filename="include/OpenGL/HelperFunctions/CheckError.h" />
		<Unit filename="include/OpenGL/HelperFunctions/FullScreenQuad.h" />
		<Unit filename="include/OpenGL/HelperFunctions/Quad.h" />
		<Unit filename="include/OpenGL/RenderTarget.h" />
<<<<<<< HEAD
		<Unit filename="include/OpenGL/ShaderStorageBuffer.h" />
=======
		<Unit filename="include/OpenGL/Renderers/DeferredRenderer.h" />
		<Unit filename="include/OpenGL/Renderers/renderer.h" />
		<Unit filename="include/OpenGL/ShaderPreProcessor.h">
			<Option target="&lt;{~None~}&gt;" />
		</Unit>
>>>>>>> f18d2bdc0c2a47e757ef5976bfbec4e2955d416f
		<Unit filename="include/OpenGL/VertexArrayObject.h" />
		<Unit filename="include/OpenGL/VertexBufferObject.h" />
		<Unit filename="include/Particle.h" />
		<Unit filename="include/ParticleProxy.h" />
		<Unit filename="include/ParticleRenderer.h" />
		<Unit filename="include/ParticleSystem.h" />
		<Unit filename="include/Physics.h" />
		<Unit filename="include/Picking.h" />
		<Unit filename="include/Player.h" />
		<Unit filename="include/PostProcess.h" />
		<Unit filename="include/PostProcess/Effect.h" />
		<Unit filename="include/PostProcess/MotionBlur.h" />
		<Unit filename="include/PostProcess/SSAO.h" />
		<Unit filename="include/PostProcess/ScreenSpaceReflections.h" />
		<Unit filename="include/ProgramData.h" />
		<Unit filename="include/ResourceManager.h" />
		<Unit filename="include/Scene.h" />
		<Unit filename="include/Shader.h" />
		<Unit filename="include/ShadowMapping.h" />
		<Unit filename="include/Skybox.h" />
		<Unit filename="include/SkyboxData.h" />
		<Unit filename="include/SphericalHarmonics.h" />
		<Unit filename="include/SplashScreen.h" />
		<Unit filename="include/Sun.h" />
		<Unit filename="include/Terrain.h" />
		<Unit filename="include/Text.h" />
		<Unit filename="include/Texture.h" />
		<Unit filename="include/Types.h" />
		<Unit filename="include/WAVFile.h" />
		<Unit filename="include/Water.h" />
		<Unit filename="include/camera.h" />
		<Unit filename="include/cubemapRenderer.h" />
		<Unit filename="include/emlFormat.h" />
		<Unit filename="include/empFormat.h" />
		<Unit filename="include/main.h" />
		<Unit filename="include/multithread/Job.h" />
		<Unit filename="include/multithread/Mutex.h" />
		<Unit filename="include/multithread/Thread.h" />
		<Unit filename="include/renderer/DeferredRenderer.h">
			<Option target="&lt;{~None~}&gt;" />
		</Unit>
		<Unit filename="include/renderer/Renderer.h" />
		<Unit filename="include/sys/CPUID.h" />
		<Unit filename="include/sys/Joystick.h" />
		<Unit filename="include/sys/KeyBoard.h" />
		<Unit filename="include/sys/KeyboardWrapper.h" />
		<Unit filename="include/sys/Mouse.h" />
		<Unit filename="include/sys/filesystem.h" />
		<Unit filename="src/BSP.cpp" />
		<Unit filename="src/BSPFace.cpp" />
		<Unit filename="src/Camera.cpp" />
		<Unit filename="src/DDS.cpp" />
		<Unit filename="src/EntityTemplate.cpp" />
		<Unit filename="src/Epsilon.cpp" />
		<Unit filename="src/Frustum.cpp" />
		<Unit filename="src/MD5_Anim.cpp" />
		<Unit filename="src/MD5_Model.cpp" />
		<Unit filename="src/Mesh.cpp" />
		<Unit filename="src/Model.cpp" />
		<Unit filename="src/Particle.cpp" />
		<Unit filename="src/Physics.cpp" />
		<Unit filename="src/Picking.cpp" />
		<Unit filename="src/Player.cpp" />
		<Unit filename="src/PostProcess.cpp" />
		<Unit filename="src/PostProcess/MotionBlur.cpp" />
		<Unit filename="src/PostProcess/SSAO.cpp" />
		<Unit filename="src/PostProcess/ScreenSpaceReflections.cpp" />
		<Unit filename="src/ProgramData.cpp" />
		<Unit filename="src/ResourceManager.cpp" />
		<Unit filename="src/Scene.cpp" />
		<Unit filename="src/Shader.cpp" />
		<Unit filename="src/ShadowMapping.cpp" />
		<Unit filename="src/Skybox.cpp" />
		<Unit filename="src/SphericalHarmonics.cpp" />
		<Unit filename="src/Sun.cpp" />
		<Unit filename="src/Terrain.cpp" />
		<Unit filename="src/Water.cpp" />
		<Unit filename="src/cubemapRenderer.cpp" />
		<Unit filename="src/main.cpp" />
		<Unit filename="src/resources.rc">
			<Option compilerVar="WINDRES" />
		</Unit>
		<Unit filename="src/sys/KeyBoard.cpp" />
		<Unit filename="src/sys/filesystem.cpp" />
		<Unit filename="version.h" />
		<Extensions>
			<code_completion />
			<envvars />
			<debugger />
			<lib_finder disable_auto="1" />
			<AutoVersioning>
				<Scheme minor_max="10" build_max="0" rev_max="0" rev_rand_max="10" build_times_to_increment_minor="100" />
				<Settings autoincrement="1" date_declarations="1" use_define="0" update_manifest="1" do_auto_increment="1" ask_to_increment="0" language="C++" svn="0" svn_directory="D:\Epsilon Engine" header_path="version.h" />
				<Changes_Log show_changes_editor="0" app_title="released version %M.%m.%b of %p" changeslog_path="ChangesLog.txt" />
				<Code header_guard="VERSION_H" namespace="AutoVersion" prefix="" />
			</AutoVersioning>
			<DoxyBlocks>
				<comment_style block="0" line="0" />
				<doxyfile_project />
				<doxyfile_build />
				<doxyfile_warnings />
				<doxyfile_output />
				<doxyfile_dot />
				<general />
			</DoxyBlocks>
		</Extensions>
	</Project>
</CodeBlocks_project_file>
