
Microsoft Visual Studio Solution File, Format Version 12.00
# Visual Studio Version 17
VisualStudioVersion = 17.7.34024.191
MinimumVisualStudioVersion = 10.0.40219.1
Project("{9A19103F-16F7-4668-BE54-9A1E7A4F7556}") = "Editor", "Editor.csproj", "{2E1DC098-5224-451F-8B42-3299BA6EF905}"
EndProject
Project("{9A19103F-16F7-4668-BE54-9A1E7A4F7556}") = "Game", "..\Game\Game.csproj", "{CD823A1A-E72D-45BD-9861-250D6491D366}"
EndProject
Project("{9A19103F-16F7-4668-BE54-9A1E7A4F7556}") = "common", "..\common\common.csproj", "{84E4A249-B4E7-4BD4-84D7-7BCAA4628E73}"
EndProject
Global
	GlobalSection(SolutionConfigurationPlatforms) = preSolution
		Debug|Any CPU = Debug|Any CPU
		Debug|x64 = Debug|x64
		Release|Any CPU = Release|Any CPU
		Release|x64 = Release|x64
	EndGlobalSection
	GlobalSection(ProjectConfigurationPlatforms) = postSolution
		{2E1DC098-5224-451F-8B42-3299BA6EF905}.Debug|Any CPU.ActiveCfg = Debug|Any CPU
		{2E1DC098-5224-451F-8B42-3299BA6EF905}.Debug|Any CPU.Build.0 = Debug|Any CPU
		{2E1DC098-5224-451F-8B42-3299BA6EF905}.Debug|x64.ActiveCfg = Debug|x64
		{2E1DC098-5224-451F-8B42-3299BA6EF905}.Debug|x64.Build.0 = Debug|x64
		{2E1DC098-5224-451F-8B42-3299BA6EF905}.Release|Any CPU.ActiveCfg = Release|Any CPU
		{2E1DC098-5224-451F-8B42-3299BA6EF905}.Release|Any CPU.Build.0 = Release|Any CPU
		{2E1DC098-5224-451F-8B42-3299BA6EF905}.Release|x64.ActiveCfg = Release|x64
		{2E1DC098-5224-451F-8B42-3299BA6EF905}.Release|x64.Build.0 = Release|x64
		{CD823A1A-E72D-45BD-9861-250D6491D366}.Debug|Any CPU.ActiveCfg = Debug|Any CPU
		{CD823A1A-E72D-45BD-9861-250D6491D366}.Debug|Any CPU.Build.0 = Debug|Any CPU
		{CD823A1A-E72D-45BD-9861-250D6491D366}.Debug|x64.ActiveCfg = Debug|x64
		{CD823A1A-E72D-45BD-9861-250D6491D366}.Debug|x64.Build.0 = Debug|x64
		{CD823A1A-E72D-45BD-9861-250D6491D366}.Release|Any CPU.ActiveCfg = Release|Any CPU
		{CD823A1A-E72D-45BD-9861-250D6491D366}.Release|Any CPU.Build.0 = Release|Any CPU
		{CD823A1A-E72D-45BD-9861-250D6491D366}.Release|x64.ActiveCfg = Release|x64
		{CD823A1A-E72D-45BD-9861-250D6491D366}.Release|x64.Build.0 = Release|x64
		{84E4A249-B4E7-4BD4-84D7-7BCAA4628E73}.Debug|Any CPU.ActiveCfg = Debug|Any CPU
		{84E4A249-B4E7-4BD4-84D7-7BCAA4628E73}.Debug|Any CPU.Build.0 = Debug|Any CPU
		{84E4A249-B4E7-4BD4-84D7-7BCAA4628E73}.Debug|x64.ActiveCfg = Debug|x64
		{84E4A249-B4E7-4BD4-84D7-7BCAA4628E73}.Debug|x64.Build.0 = Debug|x64
		{84E4A249-B4E7-4BD4-84D7-7BCAA4628E73}.Release|Any CPU.ActiveCfg = Release|Any CPU
		{84E4A249-B4E7-4BD4-84D7-7BCAA4628E73}.Release|Any CPU.Build.0 = Release|Any CPU
		{84E4A249-B4E7-4BD4-84D7-7BCAA4628E73}.Release|x64.ActiveCfg = Release|x64
		{84E4A249-B4E7-4BD4-84D7-7BCAA4628E73}.Release|x64.Build.0 = Release|x64
	EndGlobalSection
	GlobalSection(SolutionProperties) = preSolution
		HideSolutionNode = FALSE
	EndGlobalSection
	GlobalSection(ExtensibilityGlobals) = postSolution
		SolutionGuid = {ED1F10A1-A96A-4E96-9A09-ADFB71145604}
	EndGlobalSection
EndGlobal
